
Microsoft Visual Studio Solution File, Format Version 12.00
# Visual Studio Version 17
VisualStudioVersion = 17.10.35013.160
MinimumVisualStudioVersion = 10.0.40219.1
Project("{FAE04EC0-301F-11D3-BF4B-00C04F79EFBC}") = "Ex4_For", "Ex4_For\Ex4_For.csproj", "{CEEF9D8E-74CD-4AEA-8EF8-336F44915AA5}"
EndProject
Global
	GlobalSection(SolutionConfigurationPlatforms) = preSolution
		Debug|Any CPU = Debug|Any CPU
		Release|Any CPU = Release|Any CPU
	EndGlobalSection
	GlobalSection(ProjectConfigurationPlatforms) = postSolution
		{CEEF9D8E-74CD-4AEA-8EF8-336F44915AA5}.Debug|Any CPU.ActiveCfg = Debug|Any CPU
		{CEEF9D8E-74CD-4AEA-8EF8-336F44915AA5}.Debug|Any CPU.Build.0 = Debug|Any CPU
		{CEEF9D8E-74CD-4AEA-8EF8-336F44915AA5}.Release|Any CPU.ActiveCfg = Release|Any CPU
		{CEEF9D8E-74CD-4AEA-8EF8-336F44915AA5}.Release|Any CPU.Build.0 = Release|Any CPU
	EndGlobalSection
	GlobalSection(SolutionProperties) = preSolution
		HideSolutionNode = FALSE
	EndGlobalSection
	GlobalSection(ExtensibilityGlobals) = postSolution
		SolutionGuid = {EB709833-A74E-4ABE-991F-566B67485386}
	EndGlobalSection
EndGlobal
