
Microsoft Visual Studio Solution File, Format Version 12.00
# Visual Studio Version 17
VisualStudioVersion = 17.10.35013.160
MinimumVisualStudioVersion = 10.0.40219.1
Project("{FAE04EC0-301F-11D3-BF4B-00C04F79EFBC}") = "Atv_Delegate", "Atv_Delegate\Atv_Delegate.csproj", "{038476E7-FFCE-4EC3-819C-4D2478737EC3}"
EndProject
Global
	GlobalSection(SolutionConfigurationPlatforms) = preSolution
		Debug|Any CPU = Debug|Any CPU
		Release|Any CPU = Release|Any CPU
	EndGlobalSection
	GlobalSection(ProjectConfigurationPlatforms) = postSolution
		{038476E7-FFCE-4EC3-819C-4D2478737EC3}.Debug|Any CPU.ActiveCfg = Debug|Any CPU
		{038476E7-FFCE-4EC3-819C-4D2478737EC3}.Debug|Any CPU.Build.0 = Debug|Any CPU
		{038476E7-FFCE-4EC3-819C-4D2478737EC3}.Release|Any CPU.ActiveCfg = Release|Any CPU
		{038476E7-FFCE-4EC3-819C-4D2478737EC3}.Release|Any CPU.Build.0 = Release|Any CPU
	EndGlobalSection
	GlobalSection(SolutionProperties) = preSolution
		HideSolutionNode = FALSE
	EndGlobalSection
	GlobalSection(ExtensibilityGlobals) = postSolution
		SolutionGuid = {5B11A5B3-2B67-461D-A3A4-75A2542D3F81}
	EndGlobalSection
EndGlobal
