
Microsoft Visual Studio Solution File, Format Version 12.00
# Visual Studio Version 17
VisualStudioVersion = 17.10.35013.160
MinimumVisualStudioVersion = 10.0.40219.1
Project("{FAE04EC0-301F-11D3-BF4B-00C04F79EFBC}") = "Ex3.1", "Ex3.1\Ex3.1.csproj", "{E3516B32-A7C3-4E2B-A7E2-29B3A8065B8C}"
EndProject
Global
	GlobalSection(SolutionConfigurationPlatforms) = preSolution
		Debug|Any CPU = Debug|Any CPU
		Release|Any CPU = Release|Any CPU
	EndGlobalSection
	GlobalSection(ProjectConfigurationPlatforms) = postSolution
		{E3516B32-A7C3-4E2B-A7E2-29B3A8065B8C}.Debug|Any CPU.ActiveCfg = Debug|Any CPU
		{E3516B32-A7C3-4E2B-A7E2-29B3A8065B8C}.Debug|Any CPU.Build.0 = Debug|Any CPU
		{E3516B32-A7C3-4E2B-A7E2-29B3A8065B8C}.Release|Any CPU.ActiveCfg = Release|Any CPU
		{E3516B32-A7C3-4E2B-A7E2-29B3A8065B8C}.Release|Any CPU.Build.0 = Release|Any CPU
	EndGlobalSection
	GlobalSection(SolutionProperties) = preSolution
		HideSolutionNode = FALSE
	EndGlobalSection
	GlobalSection(ExtensibilityGlobals) = postSolution
		SolutionGuid = {A0AE26C3-9856-42D4-B5D3-5D32336506DC}
	EndGlobalSection
EndGlobal
