
Microsoft Visual Studio Solution File, Format Version 12.00
# Visual Studio Version 17
VisualStudioVersion = 17.10.35013.160
MinimumVisualStudioVersion = 10.0.40219.1
Project("{FAE04EC0-301F-11D3-BF4B-00C04F79EFBC}") = "Ex2_For", "Ex2_For\Ex2_For.csproj", "{E711E3DE-ABA3-458C-BCFE-A4D4AC5D76AF}"
EndProject
Global
	GlobalSection(SolutionConfigurationPlatforms) = preSolution
		Debug|Any CPU = Debug|Any CPU
		Release|Any CPU = Release|Any CPU
	EndGlobalSection
	GlobalSection(ProjectConfigurationPlatforms) = postSolution
		{E711E3DE-ABA3-458C-BCFE-A4D4AC5D76AF}.Debug|Any CPU.ActiveCfg = Debug|Any CPU
		{E711E3DE-ABA3-458C-BCFE-A4D4AC5D76AF}.Debug|Any CPU.Build.0 = Debug|Any CPU
		{E711E3DE-ABA3-458C-BCFE-A4D4AC5D76AF}.Release|Any CPU.ActiveCfg = Release|Any CPU
		{E711E3DE-ABA3-458C-BCFE-A4D4AC5D76AF}.Release|Any CPU.Build.0 = Release|Any CPU
	EndGlobalSection
	GlobalSection(SolutionProperties) = preSolution
		HideSolutionNode = FALSE
	EndGlobalSection
	GlobalSection(ExtensibilityGlobals) = postSolution
		SolutionGuid = {2C84246E-54E2-4C71-AB83-0C14D1C85FCD}
	EndGlobalSection
EndGlobal
