
Microsoft Visual Studio Solution File, Format Version 12.00
# Visual Studio Version 17
VisualStudioVersion = 17.10.35013.160
MinimumVisualStudioVersion = 10.0.40219.1
Project("{FAE04EC0-301F-11D3-BF4B-00C04F79EFBC}") = "Ex1_entradaDados", "Ex1_entradaDados\Ex1_entradaDados.csproj", "{683001AA-4A26-4355-8AA4-46D1080A1DB0}"
EndProject
Global
	GlobalSection(SolutionConfigurationPlatforms) = preSolution
		Debug|Any CPU = Debug|Any CPU
		Release|Any CPU = Release|Any CPU
	EndGlobalSection
	GlobalSection(ProjectConfigurationPlatforms) = postSolution
		{683001AA-4A26-4355-8AA4-46D1080A1DB0}.Debug|Any CPU.ActiveCfg = Debug|Any CPU
		{683001AA-4A26-4355-8AA4-46D1080A1DB0}.Debug|Any CPU.Build.0 = Debug|Any CPU
		{683001AA-4A26-4355-8AA4-46D1080A1DB0}.Release|Any CPU.ActiveCfg = Release|Any CPU
		{683001AA-4A26-4355-8AA4-46D1080A1DB0}.Release|Any CPU.Build.0 = Release|Any CPU
	EndGlobalSection
	GlobalSection(SolutionProperties) = preSolution
		HideSolutionNode = FALSE
	EndGlobalSection
	GlobalSection(ExtensibilityGlobals) = postSolution
		SolutionGuid = {0B25A763-C781-429F-B735-4A16673814FA}
	EndGlobalSection
EndGlobal
