
Microsoft Visual Studio Solution File, Format Version 12.00
# Visual Studio Version 17
VisualStudioVersion = 17.10.35013.160
MinimumVisualStudioVersion = 10.0.40219.1
Project("{FAE04EC0-301F-11D3-BF4B-00C04F79EFBC}") = "Ex_Ref_Out", "Ex_Ref_Out\Ex_Ref_Out.csproj", "{A233C292-E7ED-4751-BFD5-BD61EB42F14D}"
EndProject
Global
	GlobalSection(SolutionConfigurationPlatforms) = preSolution
		Debug|Any CPU = Debug|Any CPU
		Release|Any CPU = Release|Any CPU
	EndGlobalSection
	GlobalSection(ProjectConfigurationPlatforms) = postSolution
		{A233C292-E7ED-4751-BFD5-BD61EB42F14D}.Debug|Any CPU.ActiveCfg = Debug|Any CPU
		{A233C292-E7ED-4751-BFD5-BD61EB42F14D}.Debug|Any CPU.Build.0 = Debug|Any CPU
		{A233C292-E7ED-4751-BFD5-BD61EB42F14D}.Release|Any CPU.ActiveCfg = Release|Any CPU
		{A233C292-E7ED-4751-BFD5-BD61EB42F14D}.Release|Any CPU.Build.0 = Release|Any CPU
	EndGlobalSection
	GlobalSection(SolutionProperties) = preSolution
		HideSolutionNode = FALSE
	EndGlobalSection
	GlobalSection(ExtensibilityGlobals) = postSolution
		SolutionGuid = {6973D8DB-CDA5-41C2-A9DC-005BC73F7C0A}
	EndGlobalSection
EndGlobal
