
Microsoft Visual Studio Solution File, Format Version 12.00
# Visual Studio Version 17
VisualStudioVersion = 17.10.35013.160
MinimumVisualStudioVersion = 10.0.40219.1
Project("{FAE04EC0-301F-11D3-BF4B-00C04F79EFBC}") = "Delegate", "Delegate\Delegate.csproj", "{3AA3FC30-D486-4468-8D2C-068A39FBCC42}"
EndProject
Global
	GlobalSection(SolutionConfigurationPlatforms) = preSolution
		Debug|Any CPU = Debug|Any CPU
		Release|Any CPU = Release|Any CPU
	EndGlobalSection
	GlobalSection(ProjectConfigurationPlatforms) = postSolution
		{3AA3FC30-D486-4468-8D2C-068A39FBCC42}.Debug|Any CPU.ActiveCfg = Debug|Any CPU
		{3AA3FC30-D486-4468-8D2C-068A39FBCC42}.Debug|Any CPU.Build.0 = Debug|Any CPU
		{3AA3FC30-D486-4468-8D2C-068A39FBCC42}.Release|Any CPU.ActiveCfg = Release|Any CPU
		{3AA3FC30-D486-4468-8D2C-068A39FBCC42}.Release|Any CPU.Build.0 = Release|Any CPU
	EndGlobalSection
	GlobalSection(SolutionProperties) = preSolution
		HideSolutionNode = FALSE
	EndGlobalSection
	GlobalSection(ExtensibilityGlobals) = postSolution
		SolutionGuid = {F15DDB96-E2FC-45EB-8349-A153A3FC6056}
	EndGlobalSection
EndGlobal
