
Microsoft Visual Studio Solution File, Format Version 12.00
# Visual Studio Version 17
VisualStudioVersion = 17.10.35013.160
MinimumVisualStudioVersion = 10.0.40219.1
Project("{FAE04EC0-301F-11D3-BF4B-00C04F79EFBC}") = "ExercicioResolvido_Polimorfismo", "ExercicioResolvido_Polimorfismo\ExercicioResolvido_Polimorfismo.csproj", "{75159CFE-D61E-414D-B847-2320EA26DC69}"
EndProject
Global
	GlobalSection(SolutionConfigurationPlatforms) = preSolution
		Debug|Any CPU = Debug|Any CPU
		Release|Any CPU = Release|Any CPU
	EndGlobalSection
	GlobalSection(ProjectConfigurationPlatforms) = postSolution
		{75159CFE-D61E-414D-B847-2320EA26DC69}.Debug|Any CPU.ActiveCfg = Debug|Any CPU
		{75159CFE-D61E-414D-B847-2320EA26DC69}.Debug|Any CPU.Build.0 = Debug|Any CPU
		{75159CFE-D61E-414D-B847-2320EA26DC69}.Release|Any CPU.ActiveCfg = Release|Any CPU
		{75159CFE-D61E-414D-B847-2320EA26DC69}.Release|Any CPU.Build.0 = Release|Any CPU
	EndGlobalSection
	GlobalSection(SolutionProperties) = preSolution
		HideSolutionNode = FALSE
	EndGlobalSection
	GlobalSection(ExtensibilityGlobals) = postSolution
		SolutionGuid = {13F0B5B5-EADA-45ED-9E43-7BDAEA793E90}
	EndGlobalSection
EndGlobal
