
Microsoft Visual Studio Solution File, Format Version 12.00
# Visual Studio Version 17
VisualStudioVersion = 17.10.35013.160
MinimumVisualStudioVersion = 10.0.40219.1
Project("{FAE04EC0-301F-11D3-BF4B-00C04F79EFBC}") = "Ex_ParamVetor", "Ex_ParamVetor\Ex_ParamVetor.csproj", "{BFE84289-88E3-4C66-9A2F-FC93D4D5796D}"
EndProject
Global
	GlobalSection(SolutionConfigurationPlatforms) = preSolution
		Debug|Any CPU = Debug|Any CPU
		Release|Any CPU = Release|Any CPU
	EndGlobalSection
	GlobalSection(ProjectConfigurationPlatforms) = postSolution
		{BFE84289-88E3-4C66-9A2F-FC93D4D5796D}.Debug|Any CPU.ActiveCfg = Debug|Any CPU
		{BFE84289-88E3-4C66-9A2F-FC93D4D5796D}.Debug|Any CPU.Build.0 = Debug|Any CPU
		{BFE84289-88E3-4C66-9A2F-FC93D4D5796D}.Release|Any CPU.ActiveCfg = Release|Any CPU
		{BFE84289-88E3-4C66-9A2F-FC93D4D5796D}.Release|Any CPU.Build.0 = Release|Any CPU
	EndGlobalSection
	GlobalSection(SolutionProperties) = preSolution
		HideSolutionNode = FALSE
	EndGlobalSection
	GlobalSection(ExtensibilityGlobals) = postSolution
		SolutionGuid = {51B253B5-B26D-43CD-8A23-40F8DA5B80E7}
	EndGlobalSection
EndGlobal
